// !$*UTF8*$!
{
	archiveVersion = 1;
	classes = {
	};
	objectVersion = 50;
	objects = {

/* Begin PBXBuildFile section */
		FCFCBA4C245EED8400634944 /* AppDelegate.swift in Sources */ = {isa = PBXBuildFile; fileRef = FCFCBA4B245EED8400634944 /* AppDelegate.swift */; };
		FCFCBA4E245EED8400634944 /* SceneDelegate.swift in Sources */ = {isa = PBXBuildFile; fileRef = FCFCBA4D245EED8400634944 /* SceneDelegate.swift */; };
		FCFCBA50245EED8400634944 /* ViewController.swift in Sources */ = {isa = PBXBuildFile; fileRef = FCFCBA4F245EED8400634944 /* ViewController.swift */; };
		FCFCBA53245EED8400634944 /* Main.storyboard in Resources */ = {isa = PBXBuildFile; fileRef = FCFCBA51245EED8400634944 /* Main.storyboard */; };
		FCFCBA55245EED8500634944 /* Assets.xcassets in Resources */ = {isa = PBXBuildFile; fileRef = FCFCBA54245EED8500634944 /* Assets.xcassets */; };
		FCFCBA58245EED8500634944 /* LaunchScreen.storyboard in Resources */ = {isa = PBXBuildFile; fileRef = FCFCBA56245EED8500634944 /* LaunchScreen.storyboard */; };
		FCFCBA60245EED8F00634944 /* CatDog_ImageClassifier.mlmodel in Sources */ = {isa = PBXBuildFile; fileRef = FCFCBA5F245EED8F00634944 /* CatDog_ImageClassifier.mlmodel */; };
/* End PBXBuildFile section */

/* Begin PBXFileReference section */
		FCFCBA48245EED8400634944 /* DogCat_Application.app */ = {isa = PBXFileReference; explicitFileType = wrapper.application; includeInIndex = 0; path = DogCat_Application.app; sourceTree = BUILT_PRODUCTS_DIR; };
		FCFCBA4B245EED8400634944 /* AppDelegate.swift */ = {isa = PBXFileReference; lastKnownFileType = sourcecode.swift; path = AppDelegate.swift; sourceTree = "<group>"; };
		FCFCBA4D245EED8400634944 /* SceneDelegate.swift */ = {isa = PBXFileReference; lastKnownFileType = sourcecode.swift; path = SceneDelegate.swift; sourceTree = "<group>"; };
		FCFCBA4F245EED8400634944 /* ViewController.swift */ = {isa = PBXFileReference; lastKnownFileType = sourcecode.swift; path = ViewController.swift; sourceTree = "<group>"; };
		FCFCBA52245EED8400634944 /* Base */ = {isa = PBXFileReference; lastKnownFileType = file.storyboard; name = Base; path = Base.lproj/Main.storyboard; sourceTree = "<group>"; };
		FCFCBA54245EED8500634944 /* Assets.xcassets */ = {isa = PBXFileReference; lastKnownFileType = folder.assetcatalog; path = Assets.xcassets; sourceTree = "<group>"; };
		FCFCBA57245EED8500634944 /* Base */ = {isa = PBXFileReference; lastKnownFileType = file.storyboard; name = Base; path = Base.lproj/LaunchScreen.storyboard; sourceTree = "<group>"; };
		FCFCBA59245EED8500634944 /* Info.plist */ = {isa = PBXFileReference; lastKnownFileType = text.plist.xml; path = Info.plist; sourceTree = "<group>"; };
		FCFCBA5F245EED8F00634944 /* CatDog_ImageClassifier.mlmodel */ = {isa = PBXFileReference; lastKnownFileType = file.mlmodel; path = CatDog_ImageClassifier.mlmodel; sourceTree = "<group>"; };
/* End PBXFileReference section */

/* Begin PBXFrameworksBuildPhase section */
		FCFCBA45245EED8400634944 /* Frameworks */ = {
			isa = PBXFrameworksBuildPhase;
			buildActionMask = 2147483647;
			files = (
			);
			runOnlyForDeploymentPostprocessing = 0;
		};
/* End PBXFrameworksBuildPhase section */

/* Begin PBXGroup section */
		FCFCBA3F245EED8400634944 = {
			isa = PBXGroup;
			children = (
				FCFCBA4A245EED8400634944 /* DogCat_Application */,
				FCFCBA49245EED8400634944 /* Products */,
			);
			sourceTree = "<group>";
		};
		FCFCBA49245EED8400634944 /* Products */ = {
			isa = PBXGroup;
			children = (
				FCFCBA48245EED8400634944 /* DogCat_Application.app */,
			);
			name = Products;
			sourceTree = "<group>";
		};
		FCFCBA4A245EED8400634944 /* DogCat_Application */ = {
			isa = PBXGroup;
			children = (
				FCFCBA4B245EED8400634944 /* AppDelegate.swift */,
				FCFCBA4D245EED8400634944 /* SceneDelegate.swift */,
				FCFCBA4F245EED8400634944 /* ViewController.swift */,
				FCFCBA51245EED8400634944 /* Main.storyboard */,
				FCFCBA54245EED8500634944 /* Assets.xcassets */,
				FCFCBA56245EED8500634944 /* LaunchScreen.storyboard */,
				FCFCBA59245EED8500634944 /* Info.plist */,
				FCFCBA5F245EED8F00634944 /* CatDog_ImageClassifier.mlmodel */,
			);
			path = DogCat_Application;
			sourceTree = "<group>";
		};
/* End PBXGroup section */

/* Begin PBXNativeTarget section */
		FCFCBA47245EED8400634944 /* DogCat_Application */ = {
			isa = PBXNativeTarget;
			buildConfigurationList = FCFCBA5C245EED8500634944 /* Build configuration list for PBXNativeTarget "DogCat_Application" */;
			buildPhases = (
				FCFCBA44245EED8400634944 /* Sources */,
				FCFCBA45245EED8400634944 /* Frameworks */,
				FCFCBA46245EED8400634944 /* Resources */,
			);
			buildRules = (
			);
			dependencies = (
			);
			name = DogCat_Application;
			productName = DogCat_Application;
			productReference = FCFCBA48245EED8400634944 /* DogCat_Application.app */;
			productType = "com.apple.product-type.application";
		};
/* End PBXNativeTarget section */

/* Begin PBXProject section */
		FCFCBA40245EED8400634944 /* Project object */ = {
			isa = PBXProject;
			attributes = {
				LastSwiftUpdateCheck = 1140;
				LastUpgradeCheck = 1140;
				ORGANIZATIONNAME = "Dario Radecic";
				TargetAttributes = {
					FCFCBA47245EED8400634944 = {
						CreatedOnToolsVersion = 11.4.1;
					};
				};
			};
			buildConfigurationList = FCFCBA43245EED8400634944 /* Build configuration list for PBXProject "DogCat_Application" */;
			compatibilityVersion = "Xcode 9.3";
			developmentRegion = en;
			hasScannedForEncodings = 0;
			knownRegions = (
				en,
				Base,
			);
			mainGroup = FCFCBA3F245EED8400634944;
			productRefGroup = FCFCBA49245EED8400634944 /* Products */;
			projectDirPath = "";
			projectRoot = "";
			targets = (
				FCFCBA47245EED8400634944 /* DogCat_Application */,
			);
		};
/* End PBXProject section */

/* Begin PBXResourcesBuildPhase section */
		FCFCBA46245EED8400634944 /* Resources */ = {
			isa = PBXResourcesBuildPhase;
			buildActionMask = 2147483647;
			files = (
				FCFCBA58245EED8500634944 /* LaunchScreen.storyboard in Resources */,
				FCFCBA55245EED8500634944 /* Assets.xcassets in Resources */,
				FCFCBA53245EED8400634944 /* Main.storyboard in Resources */,
			);
			runOnlyForDeploymentPostprocessing = 0;
		};
/* End PBXResourcesBuildPhase section */

/* Begin PBXSourcesBuildPhase section */
		FCFCBA44245EED8400634944 /* Sources */ = {
			isa = PBXSourcesBuildPhase;
			buildActionMask = 2147483647;
			files = (
				FCFCBA50245EED8400634944 /* ViewController.swift in Sources */,
				FCFCBA4C245EED8400634944 /* AppDelegate.swift in Sources */,
				FCFCBA4E245EED8400634944 /* SceneDelegate.swift in Sources */,
				FCFCBA60245EED8F00634944 /* CatDog_ImageClassifier.mlmodel in Sources */,
			);
			runOnlyForDeploymentPostprocessing = 0;
		};
/* End PBXSourcesBuildPhase section */

/* Begin PBXVariantGroup section */
		FCFCBA51245EED8400634944 /* Main.storyboard */ = {
			isa = PBXVariantGroup;
			children = (
				FCFCBA52245EED8400634944 /* Base */,
			);
			name = Main.storyboard;
			sourceTree = "<group>";
		};
		FCFCBA56245EED8500634944 /* LaunchScreen.storyboard */ = {
			isa = PBXVariantGroup;
			children = (
				FCFCBA57245EED8500634944 /* Base */,
			);
			name = LaunchScreen.storyboard;
			sourceTree = "<group>";
		};
/* End PBXVariantGroup section */

/* Begin XCBuildConfiguration section */
		FCFCBA5A245EED8500634944 /* Debug */ = {
			isa = XCBuildConfiguration;
			buildSettings = {
				ALWAYS_SEARCH_USER_PATHS = NO;
				CLANG_ANALYZER_NONNULL = YES;
				CLANG_ANALYZER_NUMBER_OBJECT_CONVERSION = YES_AGGRESSIVE;
				CLANG_CXX_LANGUAGE_STANDARD = "gnu++14";
				CLANG_CXX_LIBRARY = "libc++";
				CLANG_ENABLE_MODULES = YES;
				CLANG_ENABLE_OBJC_ARC = YES;
				CLANG_ENABLE_OBJC_WEAK = YES;
				CLANG_WARN_BLOCK_CAPTURE_AUTORELEASING = YES;
				CLANG_WARN_BOOL_CONVERSION = YES;
				CLANG_WARN_COMMA = YES;
				CLANG_WARN_CONSTANT_CONVERSION = YES;
				CLANG_WARN_DEPRECATED_OBJC_IMPLEMENTATIONS = YES;
				CLANG_WARN_DIRECT_OBJC_ISA_USAGE = YES_ERROR;
				CLANG_WARN_DOCUMENTATION_COMMENTS = YES;
				CLANG_WARN_EMPTY_BODY = YES;
				CLANG_WARN_ENUM_CONVERSION = YES;
				CLANG_WARN_INFINITE_RECURSION = YES;
				CLANG_WARN_INT_CONVERSION = YES;
				CLANG_WARN_NON_LITERAL_NULL_CONVERSION = YES;
				CLANG_WARN_OBJC_IMPLICIT_RETAIN_SELF = YES;
				CLANG_WARN_OBJC_LITERAL_CONVERSION = YES;
				CLANG_WARN_OBJC_ROOT_CLASS = YES_ERROR;
				CLANG_WARN_RANGE_LOOP_ANALYSIS = YES;
				CLANG_WARN_STRICT_PROTOTYPES = YES;
				CLANG_WARN_SUSPICIOUS_MOVE = YES;
				CLANG_WARN_UNGUARDED_AVAILABILITY = YES_AGGRESSIVE;
				CLANG_WARN_UNREACHABLE_CODE = YES;
				CLANG_WARN__DUPLICATE_METHOD_MATCH = YES;
				COPY_PHASE_STRIP = NO;
				DEBUG_INFORMATION_FORMAT = dwarf;
				ENABLE_STRICT_OBJC_MSGSEND = YES;
				ENABLE_TESTABILITY = YES;
				GCC_C_LANGUAGE_STANDARD = gnu11;
				GCC_DYNAMIC_NO_PIC = NO;
				GCC_NO_COMMON_BLOCKS = YES;
				GCC_OPTIMIZATION_LEVEL = 0;
				GCC_PREPROCESSOR_DEFINITIONS = (
					"DEBUG=1",
					"$(inherited)",
				);
				GCC_WARN_64_TO_32_BIT_CONVERSION = YES;
				GCC_WARN_ABOUT_RETURN_TYPE = YES_ERROR;
				GCC_WARN_UNDECLARED_SELECTOR = YES;
				GCC_WARN_UNINITIALIZED_AUTOS = YES_AGGRESSIVE;
				GCC_WARN_UNUSED_FUNCTION = YES;
				GCC_WARN_UNUSED_VARIABLE = YES;
				IPHONEOS_DEPLOYMENT_TARGET = 13.4;
				MTL_ENABLE_DEBUG_INFO = INCLUDE_SOURCE;
				MTL_FAST_MATH = YES;
				ONLY_ACTIVE_ARCH = YES;
				SDKROOT = iphoneos;
				SWIFT_ACTIVE_COMPILATION_CONDITIONS = DEBUG;
				SWIFT_OPTIMIZATION_LEVEL = "-Onone";
			};
			name = Debug;
		};
		FCFCBA5B245EED8500634944 /* Release */ = {
			isa = XCBuildConfiguration;
			buildSettings = {
				ALWAYS_SEARCH_USER_PATHS = NO;
				CLANG_ANALYZER_NONNULL = YES;
				CLANG_ANALYZER_NUMBER_OBJECT_CONVERSION = YES_AGGRESSIVE;
				CLANG_CXX_LANGUAGE_STANDARD = "gnu++14";
				CLANG_CXX_LIBRARY = "libc++";
				CLANG_ENABLE_MODULES = YES;
				CLANG_ENABLE_OBJC_ARC = YES;
				CLANG_ENABLE_OBJC_WEAK = YES;
				CLANG_WARN_BLOCK_CAPTURE_AUTORELEASING = YES;
				CLANG_WARN_BOOL_CONVERSION = YES;
				CLANG_WARN_COMMA = YES;
				CLANG_WARN_CONSTANT_CONVERSION = YES;
				CLANG_WARN_DEPRECATED_OBJC_IMPLEMENTATIONS = YES;
				CLANG_WARN_DIRECT_OBJC_ISA_USAGE = YES_ERROR;
				CLANG_WARN_DOCUMENTATION_COMMENTS = YES;
				CLANG_WARN_EMPTY_BODY = YES;
				CLANG_WARN_ENUM_CONVERSION = YES;
				CLANG_WARN_INFINITE_RECURSION = YES;
				CLANG_WARN_INT_CONVERSION = YES;
				CLANG_WARN_NON_LITERAL_NULL_CONVERSION = YES;
				CLANG_WARN_OBJC_IMPLICIT_RETAIN_SELF = YES;
				CLANG_WARN_OBJC_LITERAL_CONVERSION = YES;
				CLANG_WARN_OBJC_ROOT_CLASS = YES_ERROR;
				CLANG_WARN_RANGE_LOOP_ANALYSIS = YES;
				CLANG_WARN_STRICT_PROTOTYPES = YES;
				CLANG_WARN_SUSPICIOUS_MOVE = YES;
				CLANG_WARN_UNGUARDED_AVAILABILITY = YES_AGGRESSIVE;
				CLANG_WARN_UNREACHABLE_CODE = YES;
				CLANG_WARN__DUPLICATE_METHOD_MATCH = YES;
				COPY_PHASE_STRIP = NO;
				DEBUG_INFORMATION_FORMAT = "dwarf-with-dsym";
				ENABLE_NS_ASSERTIONS = NO;
				ENABLE_STRICT_OBJC_MSGSEND = YES;
				GCC_C_LANGUAGE_STANDARD = gnu11;
				GCC_NO_COMMON_BLOCKS = YES;
				GCC_WARN_64_TO_32_BIT_CONVERSION = YES;
				GCC_WARN_ABOUT_RETURN_TYPE = YES_ERROR;
				GCC_WARN_UNDECLARED_SELECTOR = YES;
				GCC_WARN_UNINITIALIZED_AUTOS = YES_AGGRESSIVE;
				GCC_WARN_UNUSED_FUNCTION = YES;
				GCC_WARN_UNUSED_VARIABLE = YES;
				IPHONEOS_DEPLOYMENT_TARGET = 13.4;
				MTL_ENABLE_DEBUG_INFO = NO;
				MTL_FAST_MATH = YES;
				SDKROOT = iphoneos;
				SWIFT_COMPILATION_MODE = wholemodule;
				SWIFT_OPTIMIZATION_LEVEL = "-O";
				VALIDATE_PRODUCT = YES;
			};
			name = Release;
		};
		FCFCBA5D245EED8500634944 /* Debug */ = {
			isa = XCBuildConfiguration;
			buildSettings = {
				ASSETCATALOG_COMPILER_APPICON_NAME = AppIcon;
				CODE_SIGN_STYLE = Automatic;
				DEVELOPMENT_TEAM = T7C26LRS85;
				INFOPLIST_FILE = DogCat_Application/Info.plist;
				LD_RUNPATH_SEARCH_PATHS = (
					"$(inherited)",
					"@executable_path/Frameworks",
				);
				PRODUCT_BUNDLE_IDENTIFIER = "com.darioradecic.DogCat-Application";
				PRODUCT_NAME = "$(TARGET_NAME)";
				SWIFT_VERSION = 5.0;
				TARGETED_DEVICE_FAMILY = "1,2";
			};
			name = Debug;
		};
		FCFCBA5E245EED8500634944 /* Release */ = {
			isa = XCBuildConfiguration;
			buildSettings = {
				ASSETCATALOG_COMPILER_APPICON_NAME = AppIcon;
				CODE_SIGN_STYLE = Automatic;
				DEVELOPMENT_TEAM = T7C26LRS85;
				INFOPLIST_FILE = DogCat_Application/Info.plist;
				LD_RUNPATH_SEARCH_PATHS = (
					"$(inherited)",
					"@executable_path/Frameworks",
				);
				PRODUCT_BUNDLE_IDENTIFIER = "com.darioradecic.DogCat-Application";
				PRODUCT_NAME = "$(TARGET_NAME)";
				SWIFT_VERSION = 5.0;
				TARGETED_DEVICE_FAMILY = "1,2";
			};
			name = Release;
		};
/* End XCBuildConfiguration section */

/* Begin XCConfigurationList section */
		FCFCBA43245EED8400634944 /* Build configuration list for PBXProject "DogCat_Application" */ = {
			isa = XCConfigurationList;
			buildConfigurations = (
				FCFCBA5A245EED8500634944 /* Debug */,
				FCFCBA5B245EED8500634944 /* Release */,
			);
			defaultConfigurationIsVisible = 0;
			defaultConfigurationName = Release;
		};
		FCFCBA5C245EED8500634944 /* Build configuration list for PBXNativeTarget "DogCat_Application" */ = {
			isa = XCConfigurationList;
			buildConfigurations = (
				FCFCBA5D245EED8500634944 /* Debug */,
				FCFCBA5E245EED8500634944 /* Release */,
			);
			defaultConfigurationIsVisible = 0;
			defaultConfigurationName = Release;
		};
/* End XCConfigurationList section */
	};
	rootObject = FCFCBA40245EED8400634944 /* Project object */;
}
